
Microsoft Visual Studio Solution File, Format Version 12.00
# Visual Studio Version 17
VisualStudioVersion = 17.9.34607.119
MinimumVisualStudioVersion = 10.0.40219.1
Project("{9A19103F-16F7-4668-BE54-9A1E7A4F7556}") = "RisksSystem", "RisksSystem\RisksSystem.csproj", "{CBB011A5-5B79-4D33-9933-AF7D7ABC988D}"
EndProject
Project("{9A19103F-16F7-4668-BE54-9A1E7A4F7556}") = "RisksSystem.Domain", "RisksSystem.Domain\RisksSystem.Domain.csproj", "{CD3CAE5D-5CFE-4421-9BBD-C138476A82E3}"
EndProject
Project("{9A19103F-16F7-4668-BE54-9A1E7A4F7556}") = "RisksSystem.Services", "RisksSystem.Services\RisksSystem.Services.csproj", "{96BF1507-4351-413F-B89A-E6F730425A31}"
EndProject
Project("{FAE04EC0-301F-11D3-BF4B-00C04F79EFBC}") = "RisksSystem.Utils", "RisksSystem.Utils\RisksSystem.Utils.csproj", "{5BE4DEC2-021D-439C-AF1F-AEF90D7B801E}"
EndProject
Global
	GlobalSection(SolutionConfigurationPlatforms) = preSolution
		Debug|Any CPU = Debug|Any CPU
		Release|Any CPU = Release|Any CPU
	EndGlobalSection
	GlobalSection(ProjectConfigurationPlatforms) = postSolution
		{CBB011A5-5B79-4D33-9933-AF7D7ABC988D}.Debug|Any CPU.ActiveCfg = Debug|Any CPU
		{CBB011A5-5B79-4D33-9933-AF7D7ABC988D}.Debug|Any CPU.Build.0 = Debug|Any CPU
		{CBB011A5-5B79-4D33-9933-AF7D7ABC988D}.Release|Any CPU.ActiveCfg = Release|Any CPU
		{CBB011A5-5B79-4D33-9933-AF7D7ABC988D}.Release|Any CPU.Build.0 = Release|Any CPU
		{CD3CAE5D-5CFE-4421-9BBD-C138476A82E3}.Debug|Any CPU.ActiveCfg = Debug|Any CPU
		{CD3CAE5D-5CFE-4421-9BBD-C138476A82E3}.Debug|Any CPU.Build.0 = Debug|Any CPU
		{CD3CAE5D-5CFE-4421-9BBD-C138476A82E3}.Release|Any CPU.ActiveCfg = Release|Any CPU
		{CD3CAE5D-5CFE-4421-9BBD-C138476A82E3}.Release|Any CPU.Build.0 = Release|Any CPU
		{96BF1507-4351-413F-B89A-E6F730425A31}.Debug|Any CPU.ActiveCfg = Debug|Any CPU
		{96BF1507-4351-413F-B89A-E6F730425A31}.Debug|Any CPU.Build.0 = Debug|Any CPU
		{96BF1507-4351-413F-B89A-E6F730425A31}.Release|Any CPU.ActiveCfg = Release|Any CPU
		{96BF1507-4351-413F-B89A-E6F730425A31}.Release|Any CPU.Build.0 = Release|Any CPU
		{5BE4DEC2-021D-439C-AF1F-AEF90D7B801E}.Debug|Any CPU.ActiveCfg = Debug|Any CPU
		{5BE4DEC2-021D-439C-AF1F-AEF90D7B801E}.Debug|Any CPU.Build.0 = Debug|Any CPU
		{5BE4DEC2-021D-439C-AF1F-AEF90D7B801E}.Release|Any CPU.ActiveCfg = Release|Any CPU
		{5BE4DEC2-021D-439C-AF1F-AEF90D7B801E}.Release|Any CPU.Build.0 = Release|Any CPU
	EndGlobalSection
	GlobalSection(SolutionProperties) = preSolution
		HideSolutionNode = FALSE
	EndGlobalSection
	GlobalSection(ExtensibilityGlobals) = postSolution
		SolutionGuid = {39AFD6E2-A1D9-4430-ADB5-054FCB066DC9}
	EndGlobalSection
EndGlobal
